// !$*UTF8*$!
{
	archiveVersion = 1;
	classes = {
	};
	objectVersion = 50;
	objects = {

/* Begin PBXBuildFile section */
		560D606220E1679F00E2F331 /* AppDelegate.swift in Sources */ = {isa = PBXBuildFile; fileRef = 560D606120E1679F00E2F331 /* AppDelegate.swift */; };
		560D606420E1679F00E2F331 /* ViewController.swift in Sources */ = {isa = PBXBuildFile; fileRef = 560D606320E1679F00E2F331 /* ViewController.swift */; };
		560D606720E1679F00E2F331 /* Main.storyboard in Resources */ = {isa = PBXBuildFile; fileRef = 560D606520E1679F00E2F331 /* Main.storyboard */; };
		560D606920E1679F00E2F331 /* Assets.xcassets in Resources */ = {isa = PBXBuildFile; fileRef = 560D606820E1679F00E2F331 /* Assets.xcassets */; };
		560D606C20E1679F00E2F331 /* LaunchScreen.storyboard in Resources */ = {isa = PBXBuildFile; fileRef = 560D606A20E1679F00E2F331 /* LaunchScreen.storyboard */; };
		560D607720E1679F00E2F331 /* LickabilityTests.swift in Sources */ = {isa = PBXBuildFile; fileRef = 560D607620E1679F00E2F331 /* LickabilityTests.swift */; };
/* End PBXBuildFile section */

/* Begin PBXContainerItemProxy section */
		560D607320E1679F00E2F331 /* PBXContainerItemProxy */ = {
			isa = PBXContainerItemProxy;
			containerPortal = 560D605620E1679F00E2F331 /* Project object */;
			proxyType = 1;
			remoteGlobalIDString = 560D605D20E1679F00E2F331;
			remoteInfo = Lickability;
		};
/* End PBXContainerItemProxy section */

/* Begin PBXFileReference section */
		560D605E20E1679F00E2F331 /* Lickability.app */ = {isa = PBXFileReference; explicitFileType = wrapper.application; includeInIndex = 0; path = Lickability.app; sourceTree = BUILT_PRODUCTS_DIR; };
		560D606120E1679F00E2F331 /* AppDelegate.swift */ = {isa = PBXFileReference; lastKnownFileType = sourcecode.swift; path = AppDelegate.swift; sourceTree = "<group>"; };
		560D606320E1679F00E2F331 /* ViewController.swift */ = {isa = PBXFileReference; lastKnownFileType = sourcecode.swift; path = ViewController.swift; sourceTree = "<group>"; };
		560D606620E1679F00E2F331 /* Base */ = {isa = PBXFileReference; lastKnownFileType = file.storyboard; name = Base; path = Base.lproj/Main.storyboard; sourceTree = "<group>"; };
		560D606820E1679F00E2F331 /* Assets.xcassets */ = {isa = PBXFileReference; lastKnownFileType = folder.assetcatalog; path = Assets.xcassets; sourceTree = "<group>"; };
		560D606B20E1679F00E2F331 /* Base */ = {isa = PBXFileReference; lastKnownFileType = file.storyboard; name = Base; path = Base.lproj/LaunchScreen.storyboard; sourceTree = "<group>"; };
		560D606D20E1679F00E2F331 /* Info.plist */ = {isa = PBXFileReference; lastKnownFileType = text.plist.xml; path = Info.plist; sourceTree = "<group>"; };
		560D607220E1679F00E2F331 /* LickabilityTests.xctest */ = {isa = PBXFileReference; explicitFileType = wrapper.cfbundle; includeInIndex = 0; path = LickabilityTests.xctest; sourceTree = BUILT_PRODUCTS_DIR; };
		560D607620E1679F00E2F331 /* LickabilityTests.swift */ = {isa = PBXFileReference; lastKnownFileType = sourcecode.swift; path = LickabilityTests.swift; sourceTree = "<group>"; };
		560D607820E1679F00E2F331 /* Info.plist */ = {isa = PBXFileReference; lastKnownFileType = text.plist.xml; path = Info.plist; sourceTree = "<group>"; };
/* End PBXFileReference section */

/* Begin PBXFrameworksBuildPhase section */
		560D605B20E1679F00E2F331 /* Frameworks */ = {
			isa = PBXFrameworksBuildPhase;
			buildActionMask = 2147483647;
			files = (
			);
			runOnlyForDeploymentPostprocessing = 0;
		};
		560D606F20E1679F00E2F331 /* Frameworks */ = {
			isa = PBXFrameworksBuildPhase;
			buildActionMask = 2147483647;
			files = (
			);
			runOnlyForDeploymentPostprocessing = 0;
		};
/* End PBXFrameworksBuildPhase section */

/* Begin PBXGroup section */
		560D605520E1679F00E2F331 = {
			isa = PBXGroup;
			children = (
				560D606020E1679F00E2F331 /* Lickability */,
				560D607520E1679F00E2F331 /* LickabilityTests */,
				560D605F20E1679F00E2F331 /* Products */,
			);
			sourceTree = "<group>";
		};
		560D605F20E1679F00E2F331 /* Products */ = {
			isa = PBXGroup;
			children = (
				560D605E20E1679F00E2F331 /* Lickability.app */,
				560D607220E1679F00E2F331 /* LickabilityTests.xctest */,
			);
			name = Products;
			sourceTree = "<group>";
		};
		560D606020E1679F00E2F331 /* Lickability */ = {
			isa = PBXGroup;
			children = (
				560D606120E1679F00E2F331 /* AppDelegate.swift */,
				560D606320E1679F00E2F331 /* ViewController.swift */,
				560D606520E1679F00E2F331 /* Main.storyboard */,
				560D606820E1679F00E2F331 /* Assets.xcassets */,
				560D606A20E1679F00E2F331 /* LaunchScreen.storyboard */,
				560D606D20E1679F00E2F331 /* Info.plist */,
			);
			path = Lickability;
			sourceTree = "<group>";
		};
		560D607520E1679F00E2F331 /* LickabilityTests */ = {
			isa = PBXGroup;
			children = (
				560D607620E1679F00E2F331 /* LickabilityTests.swift */,
				560D607820E1679F00E2F331 /* Info.plist */,
			);
			path = LickabilityTests;
			sourceTree = "<group>";
		};
/* End PBXGroup section */

/* Begin PBXNativeTarget section */
		560D605D20E1679F00E2F331 /* Lickability */ = {
			isa = PBXNativeTarget;
			buildConfigurationList = 560D607B20E1679F00E2F331 /* Build configuration list for PBXNativeTarget "Lickability" */;
			buildPhases = (
				560D605A20E1679F00E2F331 /* Sources */,
				560D605B20E1679F00E2F331 /* Frameworks */,
				560D605C20E1679F00E2F331 /* Resources */,
			);
			buildRules = (
			);
			dependencies = (
			);
			name = Lickability;
			productName = Lickability;
			productReference = 560D605E20E1679F00E2F331 /* Lickability.app */;
			productType = "com.apple.product-type.application";
		};
		560D607120E1679F00E2F331 /* LickabilityTests */ = {
			isa = PBXNativeTarget;
			buildConfigurationList = 560D607E20E1679F00E2F331 /* Build configuration list for PBXNativeTarget "LickabilityTests" */;
			buildPhases = (
				560D606E20E1679F00E2F331 /* Sources */,
				560D606F20E1679F00E2F331 /* Frameworks */,
				560D607020E1679F00E2F331 /* Resources */,
			);
			buildRules = (
			);
			dependencies = (
				560D607420E1679F00E2F331 /* PBXTargetDependency */,
			);
			name = LickabilityTests;
			productName = LickabilityTests;
			productReference = 560D607220E1679F00E2F331 /* LickabilityTests.xctest */;
			productType = "com.apple.product-type.bundle.unit-test";
		};
/* End PBXNativeTarget section */

/* Begin PBXProject section */
		560D605620E1679F00E2F331 /* Project object */ = {
			isa = PBXProject;
			attributes = {
				LastSwiftUpdateCheck = 0940;
				LastUpgradeCheck = 0940;
				ORGANIZATIONNAME = "Daniel No";
				TargetAttributes = {
					560D605D20E1679F00E2F331 = {
						CreatedOnToolsVersion = 9.4.1;
					};
					560D607120E1679F00E2F331 = {
						CreatedOnToolsVersion = 9.4.1;
						TestTargetID = 560D605D20E1679F00E2F331;
					};
				};
			};
			buildConfigurationList = 560D605920E1679F00E2F331 /* Build configuration list for PBXProject "Lickability" */;
			compatibilityVersion = "Xcode 9.3";
			developmentRegion = en;
			hasScannedForEncodings = 0;
			knownRegions = (
				en,
				Base,
			);
			mainGroup = 560D605520E1679F00E2F331;
			productRefGroup = 560D605F20E1679F00E2F331 /* Products */;
			projectDirPath = "";
			projectRoot = "";
			targets = (
				560D605D20E1679F00E2F331 /* Lickability */,
				560D607120E1679F00E2F331 /* LickabilityTests */,
			);
		};
/* End PBXProject section */

/* Begin PBXResourcesBuildPhase section */
		560D605C20E1679F00E2F331 /* Resources */ = {
			isa = PBXResourcesBuildPhase;
			buildActionMask = 2147483647;
			files = (
				560D606C20E1679F00E2F331 /* LaunchScreen.storyboard in Resources */,
				560D606920E1679F00E2F331 /* Assets.xcassets in Resources */,
				560D606720E1679F00E2F331 /* Main.storyboard in Resources */,
			);
			runOnlyForDeploymentPostprocessing = 0;
		};
		560D607020E1679F00E2F331 /* Resources */ = {
			isa = PBXResourcesBuildPhase;
			buildActionMask = 2147483647;
			files = (
			);
			runOnlyForDeploymentPostprocessing = 0;
		};
/* End PBXResourcesBuildPhase section */

/* Begin PBXSourcesBuildPhase section */
		560D605A20E1679F00E2F331 /* Sources */ = {
			isa = PBXSourcesBuildPhase;
			buildActionMask = 2147483647;
			files = (
				560D606420E1679F00E2F331 /* ViewController.swift in Sources */,
				560D606220E1679F00E2F331 /* AppDelegate.swift in Sources */,
			);
			runOnlyForDeploymentPostprocessing = 0;
		};
		560D606E20E1679F00E2F331 /* Sources */ = {
			isa = PBXSourcesBuildPhase;
			buildActionMask = 2147483647;
			files = (
				560D607720E1679F00E2F331 /* LickabilityTests.swift in Sources */,
			);
			runOnlyForDeploymentPostprocessing = 0;
		};
/* End PBXSourcesBuildPhase section */

/* Begin PBXTargetDependency section */
		560D607420E1679F00E2F331 /* PBXTargetDependency */ = {
			isa = PBXTargetDependency;
			target = 560D605D20E1679F00E2F331 /* Lickability */;
			targetProxy = 560D607320E1679F00E2F331 /* PBXContainerItemProxy */;
		};
/* End PBXTargetDependency section */

/* Begin PBXVariantGroup section */
		560D606520E1679F00E2F331 /* Main.storyboard */ = {
			isa = PBXVariantGroup;
			children = (
				560D606620E1679F00E2F331 /* Base */,
			);
			name = Main.storyboard;
			sourceTree = "<group>";
		};
		560D606A20E1679F00E2F331 /* LaunchScreen.storyboard */ = {
			isa = PBXVariantGroup;
			children = (
				560D606B20E1679F00E2F331 /* Base */,
			);
			name = LaunchScreen.storyboard;
			sourceTree = "<group>";
		};
/* End PBXVariantGroup section */

/* Begin XCBuildConfiguration section */
		560D607920E1679F00E2F331 /* Debug */ = {
			isa = XCBuildConfiguration;
			buildSettings = {
				ALWAYS_SEARCH_USER_PATHS = NO;
				CLANG_ANALYZER_NONNULL = YES;
				CLANG_ANALYZER_NUMBER_OBJECT_CONVERSION = YES_AGGRESSIVE;
				CLANG_CXX_LANGUAGE_STANDARD = "gnu++14";
				CLANG_CXX_LIBRARY = "libc++";
				CLANG_ENABLE_MODULES = YES;
				CLANG_ENABLE_OBJC_ARC = YES;
				CLANG_ENABLE_OBJC_WEAK = YES;
				CLANG_WARN_BLOCK_CAPTURE_AUTORELEASING = YES;
				CLANG_WARN_BOOL_CONVERSION = YES;
				CLANG_WARN_COMMA = YES;
				CLANG_WARN_CONSTANT_CONVERSION = YES;
				CLANG_WARN_DEPRECATED_OBJC_IMPLEMENTATIONS = YES;
				CLANG_WARN_DIRECT_OBJC_ISA_USAGE = YES_ERROR;
				CLANG_WARN_DOCUMENTATION_COMMENTS = YES;
				CLANG_WARN_EMPTY_BODY = YES;
				CLANG_WARN_ENUM_CONVERSION = YES;
				CLANG_WARN_INFINITE_RECURSION = YES;
				CLANG_WARN_INT_CONVERSION = YES;
				CLANG_WARN_NON_LITERAL_NULL_CONVERSION = YES;
				CLANG_WARN_OBJC_IMPLICIT_RETAIN_SELF = YES;
				CLANG_WARN_OBJC_LITERAL_CONVERSION = YES;
				CLANG_WARN_OBJC_ROOT_CLASS = YES_ERROR;
				CLANG_WARN_RANGE_LOOP_ANALYSIS = YES;
				CLANG_WARN_STRICT_PROTOTYPES = YES;
				CLANG_WARN_SUSPICIOUS_MOVE = YES;
				CLANG_WARN_UNGUARDED_AVAILABILITY = YES_AGGRESSIVE;
				CLANG_WARN_UNREACHABLE_CODE = YES;
				CLANG_WARN__DUPLICATE_METHOD_MATCH = YES;
				CODE_SIGN_IDENTITY = "iPhone Developer";
				COPY_PHASE_STRIP = NO;
				DEBUG_INFORMATION_FORMAT = dwarf;
				ENABLE_STRICT_OBJC_MSGSEND = YES;
				ENABLE_TESTABILITY = YES;
				GCC_C_LANGUAGE_STANDARD = gnu11;
				GCC_DYNAMIC_NO_PIC = NO;
				GCC_NO_COMMON_BLOCKS = YES;
				GCC_OPTIMIZATION_LEVEL = 0;
				GCC_PREPROCESSOR_DEFINITIONS = (
					"DEBUG=1",
					"$(inherited)",
				);
				GCC_WARN_64_TO_32_BIT_CONVERSION = YES;
				GCC_WARN_ABOUT_RETURN_TYPE = YES_ERROR;
				GCC_WARN_UNDECLARED_SELECTOR = YES;
				GCC_WARN_UNINITIALIZED_AUTOS = YES_AGGRESSIVE;
				GCC_WARN_UNUSED_FUNCTION = YES;
				GCC_WARN_UNUSED_VARIABLE = YES;
				IPHONEOS_DEPLOYMENT_TARGET = 11.4;
				MTL_ENABLE_DEBUG_INFO = YES;
				ONLY_ACTIVE_ARCH = YES;
				SDKROOT = iphoneos;
				SWIFT_ACTIVE_COMPILATION_CONDITIONS = DEBUG;
				SWIFT_OPTIMIZATION_LEVEL = "-Onone";
			};
			name = Debug;
		};
		560D607A20E1679F00E2F331 /* Release */ = {
			isa = XCBuildConfiguration;
			buildSettings = {
				ALWAYS_SEARCH_USER_PATHS = NO;
				CLANG_ANALYZER_NONNULL = YES;
				CLANG_ANALYZER_NUMBER_OBJECT_CONVERSION = YES_AGGRESSIVE;
				CLANG_CXX_LANGUAGE_STANDARD = "gnu++14";
				CLANG_CXX_LIBRARY = "libc++";
				CLANG_ENABLE_MODULES = YES;
				CLANG_ENABLE_OBJC_ARC = YES;
				CLANG_ENABLE_OBJC_WEAK = YES;
				CLANG_WARN_BLOCK_CAPTURE_AUTORELEASING = YES;
				CLANG_WARN_BOOL_CONVERSION = YES;
				CLANG_WARN_COMMA = YES;
				CLANG_WARN_CONSTANT_CONVERSION = YES;
				CLANG_WARN_DEPRECATED_OBJC_IMPLEMENTATIONS = YES;
				CLANG_WARN_DIRECT_OBJC_ISA_USAGE = YES_ERROR;
				CLANG_WARN_DOCUMENTATION_COMMENTS = YES;
				CLANG_WARN_EMPTY_BODY = YES;
				CLANG_WARN_ENUM_CONVERSION = YES;
				CLANG_WARN_INFINITE_RECURSION = YES;
				CLANG_WARN_INT_CONVERSION = YES;
				CLANG_WARN_NON_LITERAL_NULL_CONVERSION = YES;
				CLANG_WARN_OBJC_IMPLICIT_RETAIN_SELF = YES;
				CLANG_WARN_OBJC_LITERAL_CONVERSION = YES;
				CLANG_WARN_OBJC_ROOT_CLASS = YES_ERROR;
				CLANG_WARN_RANGE_LOOP_ANALYSIS = YES;
				CLANG_WARN_STRICT_PROTOTYPES = YES;
				CLANG_WARN_SUSPICIOUS_MOVE = YES;
				CLANG_WARN_UNGUARDED_AVAILABILITY = YES_AGGRESSIVE;
				CLANG_WARN_UNREACHABLE_CODE = YES;
				CLANG_WARN__DUPLICATE_METHOD_MATCH = YES;
				CODE_SIGN_IDENTITY = "iPhone Developer";
				COPY_PHASE_STRIP = NO;
				DEBUG_INFORMATION_FORMAT = "dwarf-with-dsym";
				ENABLE_NS_ASSERTIONS = NO;
				ENABLE_STRICT_OBJC_MSGSEND = YES;
				GCC_C_LANGUAGE_STANDARD = gnu11;
				GCC_NO_COMMON_BLOCKS = YES;
				GCC_WARN_64_TO_32_BIT_CONVERSION = YES;
				GCC_WARN_ABOUT_RETURN_TYPE = YES_ERROR;
				GCC_WARN_UNDECLARED_SELECTOR = YES;
				GCC_WARN_UNINITIALIZED_AUTOS = YES_AGGRESSIVE;
				GCC_WARN_UNUSED_FUNCTION = YES;
				GCC_WARN_UNUSED_VARIABLE = YES;
				IPHONEOS_DEPLOYMENT_TARGET = 11.4;
				MTL_ENABLE_DEBUG_INFO = NO;
				SDKROOT = iphoneos;
				SWIFT_COMPILATION_MODE = wholemodule;
				SWIFT_OPTIMIZATION_LEVEL = "-O";
				VALIDATE_PRODUCT = YES;
			};
			name = Release;
		};
		560D607C20E1679F00E2F331 /* Debug */ = {
			isa = XCBuildConfiguration;
			buildSettings = {
				ASSETCATALOG_COMPILER_APPICON_NAME = AppIcon;
				CODE_SIGN_STYLE = Automatic;
				INFOPLIST_FILE = Lickability/Info.plist;
				LD_RUNPATH_SEARCH_PATHS = (
					"$(inherited)",
					"@executable_path/Frameworks",
				);
				PRODUCT_BUNDLE_IDENTIFIER = danielno.Lickability;
				PRODUCT_NAME = "$(TARGET_NAME)";
				SWIFT_VERSION = 4.0;
				TARGETED_DEVICE_FAMILY = "1,2";
			};
			name = Debug;
		};
		560D607D20E1679F00E2F331 /* Release */ = {
			isa = XCBuildConfiguration;
			buildSettings = {
				ASSETCATALOG_COMPILER_APPICON_NAME = AppIcon;
				CODE_SIGN_STYLE = Automatic;
				INFOPLIST_FILE = Lickability/Info.plist;
				LD_RUNPATH_SEARCH_PATHS = (
					"$(inherited)",
					"@executable_path/Frameworks",
				);
				PRODUCT_BUNDLE_IDENTIFIER = danielno.Lickability;
				PRODUCT_NAME = "$(TARGET_NAME)";
				SWIFT_VERSION = 4.0;
				TARGETED_DEVICE_FAMILY = "1,2";
			};
			name = Release;
		};
		560D607F20E1679F00E2F331 /* Debug */ = {
			isa = XCBuildConfiguration;
			buildSettings = {
				ALWAYS_EMBED_SWIFT_STANDARD_LIBRARIES = YES;
				BUNDLE_LOADER = "$(TEST_HOST)";
				CODE_SIGN_STYLE = Automatic;
				INFOPLIST_FILE = LickabilityTests/Info.plist;
				LD_RUNPATH_SEARCH_PATHS = (
					"$(inherited)",
					"@executable_path/Frameworks",
					"@loader_path/Frameworks",
				);
				PRODUCT_BUNDLE_IDENTIFIER = danielno.LickabilityTests;
				PRODUCT_NAME = "$(TARGET_NAME)";
				SWIFT_VERSION = 4.0;
				TARGETED_DEVICE_FAMILY = "1,2";
				TEST_HOST = "$(BUILT_PRODUCTS_DIR)/Lickability.app/Lickability";
			};
			name = Debug;
		};
		560D608020E1679F00E2F331 /* Release */ = {
			isa = XCBuildConfiguration;
			buildSettings = {
				ALWAYS_EMBED_SWIFT_STANDARD_LIBRARIES = YES;
				BUNDLE_LOADER = "$(TEST_HOST)";
				CODE_SIGN_STYLE = Automatic;
				INFOPLIST_FILE = LickabilityTests/Info.plist;
				LD_RUNPATH_SEARCH_PATHS = (
					"$(inherited)",
					"@executable_path/Frameworks",
					"@loader_path/Frameworks",
				);
				PRODUCT_BUNDLE_IDENTIFIER = danielno.LickabilityTests;
				PRODUCT_NAME = "$(TARGET_NAME)";
				SWIFT_VERSION = 4.0;
				TARGETED_DEVICE_FAMILY = "1,2";
				TEST_HOST = "$(BUILT_PRODUCTS_DIR)/Lickability.app/Lickability";
			};
			name = Release;
		};
/* End XCBuildConfiguration section */

/* Begin XCConfigurationList section */
		560D605920E1679F00E2F331 /* Build configuration list for PBXProject "Lickability" */ = {
			isa = XCConfigurationList;
			buildConfigurations = (
				560D607920E1679F00E2F331 /* Debug */,
				560D607A20E1679F00E2F331 /* Release */,
			);
			defaultConfigurationIsVisible = 0;
			defaultConfigurationName = Release;
		};
		560D607B20E1679F00E2F331 /* Build configuration list for PBXNativeTarget "Lickability" */ = {
			isa = XCConfigurationList;
			buildConfigurations = (
				560D607C20E1679F00E2F331 /* Debug */,
				560D607D20E1679F00E2F331 /* Release */,
			);
			defaultConfigurationIsVisible = 0;
			defaultConfigurationName = Release;
		};
		560D607E20E1679F00E2F331 /* Build configuration list for PBXNativeTarget "LickabilityTests" */ = {
			isa = XCConfigurationList;
			buildConfigurations = (
				560D607F20E1679F00E2F331 /* Debug */,
				560D608020E1679F00E2F331 /* Release */,
			);
			defaultConfigurationIsVisible = 0;
			defaultConfigurationName = Release;
		};
/* End XCConfigurationList section */
	};
	rootObject = 560D605620E1679F00E2F331 /* Project object */;
}
